
Microsoft Visual Studio Solution File, Format Version 12.00
# Visual Studio Version 17
VisualStudioVersion = 17.6.33815.320
MinimumVisualStudioVersion = 10.0.40219.1
Project("{FAE04EC0-301F-11D3-BF4B-00C04F79EFBC}") = "BetServer", "BetServer\BetServer.csproj", "{7050E38C-E726-4BF0-98F5-AF944E137AA4}"
EndProject
Global
	GlobalSection(SolutionConfigurationPlatforms) = preSolution
		Debug|Any CPU = Debug|Any CPU
		Release|Any CPU = Release|Any CPU
	EndGlobalSection
	GlobalSection(ProjectConfigurationPlatforms) = postSolution
		{7050E38C-E726-4BF0-98F5-AF944E137AA4}.Debug|Any CPU.ActiveCfg = Debug|Any CPU
		{7050E38C-E726-4BF0-98F5-AF944E137AA4}.Debug|Any CPU.Build.0 = Debug|Any CPU
		{7050E38C-E726-4BF0-98F5-AF944E137AA4}.Release|Any CPU.ActiveCfg = Release|Any CPU
		{7050E38C-E726-4BF0-98F5-AF944E137AA4}.Release|Any CPU.Build.0 = Release|Any CPU
	EndGlobalSection
	GlobalSection(SolutionProperties) = preSolution
		HideSolutionNode = FALSE
	EndGlobalSection
	GlobalSection(ExtensibilityGlobals) = postSolution
		SolutionGuid = {2D92A668-CCCE-4F4C-97AD-3CD27D84977B}
	EndGlobalSection
EndGlobal
